
Microsoft Visual Studio Solution File, Format Version 12.00
# Visual Studio Version 17
VisualStudioVersion = 17.14.36109.1 d17.14
MinimumVisualStudioVersion = 10.0.40219.1
Project("{FAE04EC0-301F-11D3-BF4B-00C04F79EFBC}") = "CityInfo.API", "CityInfo.API\CityInfo.API.csproj", "{976A594C-A6F7-41F4-928C-A83EBEF8932F}"
EndProject
Global
	GlobalSection(SolutionConfigurationPlatforms) = preSolution
		Debug|Any CPU = Debug|Any CPU
		Release|Any CPU = Release|Any CPU
	EndGlobalSection
	GlobalSection(ProjectConfigurationPlatforms) = postSolution
		{976A594C-A6F7-41F4-928C-A83EBEF8932F}.Debug|Any CPU.ActiveCfg = Debug|Any CPU
		{976A594C-A6F7-41F4-928C-A83EBEF8932F}.Debug|Any CPU.Build.0 = Debug|Any CPU
		{976A594C-A6F7-41F4-928C-A83EBEF8932F}.Release|Any CPU.ActiveCfg = Release|Any CPU
		{976A594C-A6F7-41F4-928C-A83EBEF8932F}.Release|Any CPU.Build.0 = Release|Any CPU
	EndGlobalSection
	GlobalSection(SolutionProperties) = preSolution
		HideSolutionNode = FALSE
	EndGlobalSection
	GlobalSection(ExtensibilityGlobals) = postSolution
		SolutionGuid = {C51568D6-E161-46ED-928F-A5AA47BE3E58}
	EndGlobalSection
EndGlobal
